// !$*UTF8*$!
{
	archiveVersion = 1;
	classes = {
	};
	objectVersion = 50;
	objects = {

/* Begin PBXBuildFile section */
		2D4818E12465B72E0066A0CC /* AppDelegate.swift in Sources */ = {isa = PBXBuildFile; fileRef = 2D4818E02465B72E0066A0CC /* AppDelegate.swift */; };
		2D4818E32465B72E0066A0CC /* SceneDelegate.swift in Sources */ = {isa = PBXBuildFile; fileRef = 2D4818E22465B72E0066A0CC /* SceneDelegate.swift */; };
		2D4818E52465B72E0066A0CC /* ViewController.swift in Sources */ = {isa = PBXBuildFile; fileRef = 2D4818E42465B72E0066A0CC /* ViewController.swift */; };
		2D4818E82465B72E0066A0CC /* Main.storyboard in Resources */ = {isa = PBXBuildFile; fileRef = 2D4818E62465B72E0066A0CC /* Main.storyboard */; };
		2D4818EB2465B72E0066A0CC /* dreamer1.xcdatamodeld in Sources */ = {isa = PBXBuildFile; fileRef = 2D4818E92465B72E0066A0CC /* dreamer1.xcdatamodeld */; };
		2D4818ED2465B7310066A0CC /* Assets.xcassets in Resources */ = {isa = PBXBuildFile; fileRef = 2D4818EC2465B7310066A0CC /* Assets.xcassets */; };
		2D4818F02465B7310066A0CC /* LaunchScreen.storyboard in Resources */ = {isa = PBXBuildFile; fileRef = 2D4818EE2465B7310066A0CC /* LaunchScreen.storyboard */; };
/* End PBXBuildFile section */

/* Begin PBXFileReference section */
		2D4818DD2465B72E0066A0CC /* dreamer1.app */ = {isa = PBXFileReference; explicitFileType = wrapper.application; includeInIndex = 0; path = dreamer1.app; sourceTree = BUILT_PRODUCTS_DIR; };
		2D4818E02465B72E0066A0CC /* AppDelegate.swift */ = {isa = PBXFileReference; lastKnownFileType = sourcecode.swift; path = AppDelegate.swift; sourceTree = "<group>"; };
		2D4818E22465B72E0066A0CC /* SceneDelegate.swift */ = {isa = PBXFileReference; lastKnownFileType = sourcecode.swift; path = SceneDelegate.swift; sourceTree = "<group>"; };
		2D4818E42465B72E0066A0CC /* ViewController.swift */ = {isa = PBXFileReference; lastKnownFileType = sourcecode.swift; path = ViewController.swift; sourceTree = "<group>"; };
		2D4818E72465B72E0066A0CC /* Base */ = {isa = PBXFileReference; lastKnownFileType = file.storyboard; name = Base; path = Base.lproj/Main.storyboard; sourceTree = "<group>"; };
		2D4818EA2465B72E0066A0CC /* dreamer1.xcdatamodel */ = {isa = PBXFileReference; lastKnownFileType = wrapper.xcdatamodel; path = dreamer1.xcdatamodel; sourceTree = "<group>"; };
		2D4818EC2465B7310066A0CC /* Assets.xcassets */ = {isa = PBXFileReference; lastKnownFileType = folder.assetcatalog; path = Assets.xcassets; sourceTree = "<group>"; };
		2D4818EF2465B7310066A0CC /* Base */ = {isa = PBXFileReference; lastKnownFileType = file.storyboard; name = Base; path = Base.lproj/LaunchScreen.storyboard; sourceTree = "<group>"; };
		2D4818F12465B7310066A0CC /* Info.plist */ = {isa = PBXFileReference; lastKnownFileType = text.plist.xml; path = Info.plist; sourceTree = "<group>"; };
/* End PBXFileReference section */

/* Begin PBXFrameworksBuildPhase section */
		2D4818DA2465B72E0066A0CC /* Frameworks */ = {
			isa = PBXFrameworksBuildPhase;
			buildActionMask = 2147483647;
			files = (
			);
			runOnlyForDeploymentPostprocessing = 0;
		};
/* End PBXFrameworksBuildPhase section */

/* Begin PBXGroup section */
		2D4818D42465B72E0066A0CC = {
			isa = PBXGroup;
			children = (
				2D4818DF2465B72E0066A0CC /* dreamer1 */,
				2D4818DE2465B72E0066A0CC /* Products */,
			);
			sourceTree = "<group>";
		};
		2D4818DE2465B72E0066A0CC /* Products */ = {
			isa = PBXGroup;
			children = (
				2D4818DD2465B72E0066A0CC /* dreamer1.app */,
			);
			name = Products;
			sourceTree = "<group>";
		};
		2D4818DF2465B72E0066A0CC /* dreamer1 */ = {
			isa = PBXGroup;
			children = (
				2D4818E02465B72E0066A0CC /* AppDelegate.swift */,
				2D4818E22465B72E0066A0CC /* SceneDelegate.swift */,
				2D4818E42465B72E0066A0CC /* ViewController.swift */,
				2D4818E62465B72E0066A0CC /* Main.storyboard */,
				2D4818EC2465B7310066A0CC /* Assets.xcassets */,
				2D4818EE2465B7310066A0CC /* LaunchScreen.storyboard */,
				2D4818F12465B7310066A0CC /* Info.plist */,
				2D4818E92465B72E0066A0CC /* dreamer1.xcdatamodeld */,
			);
			path = dreamer1;
			sourceTree = "<group>";
		};
/* End PBXGroup section */

/* Begin PBXNativeTarget section */
		2D4818DC2465B72E0066A0CC /* dreamer1 */ = {
			isa = PBXNativeTarget;
			buildConfigurationList = 2D4818F42465B7310066A0CC /* Build configuration list for PBXNativeTarget "dreamer1" */;
			buildPhases = (
				2D4818D92465B72E0066A0CC /* Sources */,
				2D4818DA2465B72E0066A0CC /* Frameworks */,
				2D4818DB2465B72E0066A0CC /* Resources */,
			);
			buildRules = (
			);
			dependencies = (
			);
			name = dreamer1;
			productName = dreamer1;
			productReference = 2D4818DD2465B72E0066A0CC /* dreamer1.app */;
			productType = "com.apple.product-type.application";
		};
/* End PBXNativeTarget section */

/* Begin PBXProject section */
		2D4818D52465B72E0066A0CC /* Project object */ = {
			isa = PBXProject;
			attributes = {
				LastSwiftUpdateCheck = 1140;
				LastUpgradeCheck = 1140;
				ORGANIZATIONNAME = "为所欲为";
				TargetAttributes = {
					2D4818DC2465B72E0066A0CC = {
						CreatedOnToolsVersion = 11.4;
					};
				};
			};
			buildConfigurationList = 2D4818D82465B72E0066A0CC /* Build configuration list for PBXProject "dreamer1" */;
			compatibilityVersion = "Xcode 9.3";
			developmentRegion = en;
			hasScannedForEncodings = 0;
			knownRegions = (
				en,
				Base,
			);
			mainGroup = 2D4818D42465B72E0066A0CC;
			productRefGroup = 2D4818DE2465B72E0066A0CC /* Products */;
			projectDirPath = "";
			projectRoot = "";
			targets = (
				2D4818DC2465B72E0066A0CC /* dreamer1 */,
			);
		};
/* End PBXProject section */

/* Begin PBXResourcesBuildPhase section */
		2D4818DB2465B72E0066A0CC /* Resources */ = {
			isa = PBXResourcesBuildPhase;
			buildActionMask = 2147483647;
			files = (
				2D4818F02465B7310066A0CC /* LaunchScreen.storyboard in Resources */,
				2D4818ED2465B7310066A0CC /* Assets.xcassets in Resources */,
				2D4818E82465B72E0066A0CC /* Main.storyboard in Resources */,
			);
			runOnlyForDeploymentPostprocessing = 0;
		};
/* End PBXResourcesBuildPhase section */

/* Begin PBXSourcesBuildPhase section */
		2D4818D92465B72E0066A0CC /* Sources */ = {
			isa = PBXSourcesBuildPhase;
			buildActionMask = 2147483647;
			files = (
				2D4818E52465B72E0066A0CC /* ViewController.swift in Sources */,
				2D4818E12465B72E0066A0CC /* AppDelegate.swift in Sources */,
				2D4818EB2465B72E0066A0CC /* dreamer1.xcdatamodeld in Sources */,
				2D4818E32465B72E0066A0CC /* SceneDelegate.swift in Sources */,
			);
			runOnlyForDeploymentPostprocessing = 0;
		};
/* End PBXSourcesBuildPhase section */

/* Begin PBXVariantGroup section */
		2D4818E62465B72E0066A0CC /* Main.storyboard */ = {
			isa = PBXVariantGroup;
			children = (
				2D4818E72465B72E0066A0CC /* Base */,
			);
			name = Main.storyboard;
			sourceTree = "<group>";
		};
		2D4818EE2465B7310066A0CC /* LaunchScreen.storyboard */ = {
			isa = PBXVariantGroup;
			children = (
				2D4818EF2465B7310066A0CC /* Base */,
			);
			name = LaunchScreen.storyboard;
			sourceTree = "<group>";
		};
/* End PBXVariantGroup section */

/* Begin XCBuildConfiguration section */
		2D4818F22465B7310066A0CC /* Debug */ = {
			isa = XCBuildConfiguration;
			buildSettings = {
				ALWAYS_SEARCH_USER_PATHS = NO;
				CLANG_ANALYZER_NONNULL = YES;
				CLANG_ANALYZER_NUMBER_OBJECT_CONVERSION = YES_AGGRESSIVE;
				CLANG_CXX_LANGUAGE_STANDARD = "gnu++14";
				CLANG_CXX_LIBRARY = "libc++";
				CLANG_ENABLE_MODULES = YES;
				CLANG_ENABLE_OBJC_ARC = YES;
				CLANG_ENABLE_OBJC_WEAK = YES;
				CLANG_WARN_BLOCK_CAPTURE_AUTORELEASING = YES;
				CLANG_WARN_BOOL_CONVERSION = YES;
				CLANG_WARN_COMMA = YES;
				CLANG_WARN_CONSTANT_CONVERSION = YES;
				CLANG_WARN_DEPRECATED_OBJC_IMPLEMENTATIONS = YES;
				CLANG_WARN_DIRECT_OBJC_ISA_USAGE = YES_ERROR;
				CLANG_WARN_DOCUMENTATION_COMMENTS = YES;
				CLANG_WARN_EMPTY_BODY = YES;
				CLANG_WARN_ENUM_CONVERSION = YES;
				CLANG_WARN_INFINITE_RECURSION = YES;
				CLANG_WARN_INT_CONVERSION = YES;
				CLANG_WARN_NON_LITERAL_NULL_CONVERSION = YES;
				CLANG_WARN_OBJC_IMPLICIT_RETAIN_SELF = YES;
				CLANG_WARN_OBJC_LITERAL_CONVERSION = YES;
				CLANG_WARN_OBJC_ROOT_CLASS = YES_ERROR;
				CLANG_WARN_RANGE_LOOP_ANALYSIS = YES;
				CLANG_WARN_STRICT_PROTOTYPES = YES;
				CLANG_WARN_SUSPICIOUS_MOVE = YES;
				CLANG_WARN_UNGUARDED_AVAILABILITY = YES_AGGRESSIVE;
				CLANG_WARN_UNREACHABLE_CODE = YES;
				CLANG_WARN__DUPLICATE_METHOD_MATCH = YES;
				COPY_PHASE_STRIP = NO;
				DEBUG_INFORMATION_FORMAT = dwarf;
				ENABLE_STRICT_OBJC_MSGSEND = YES;
				ENABLE_TESTABILITY = YES;
				GCC_C_LANGUAGE_STANDARD = gnu11;
				GCC_DYNAMIC_NO_PIC = NO;
				GCC_NO_COMMON_BLOCKS = YES;
				GCC_OPTIMIZATION_LEVEL = 0;
				GCC_PREPROCESSOR_DEFINITIONS = (
					"DEBUG=1",
					"$(inherited)",
				);
				GCC_WARN_64_TO_32_BIT_CONVERSION = YES;
				GCC_WARN_ABOUT_RETURN_TYPE = YES_ERROR;
				GCC_WARN_UNDECLARED_SELECTOR = YES;
				GCC_WARN_UNINITIALIZED_AUTOS = YES_AGGRESSIVE;
				GCC_WARN_UNUSED_FUNCTION = YES;
				GCC_WARN_UNUSED_VARIABLE = YES;
				IPHONEOS_DEPLOYMENT_TARGET = 13.4;
				MTL_ENABLE_DEBUG_INFO = INCLUDE_SOURCE;
				MTL_FAST_MATH = YES;
				ONLY_ACTIVE_ARCH = YES;
				SDKROOT = iphoneos;
				SWIFT_ACTIVE_COMPILATION_CONDITIONS = DEBUG;
				SWIFT_OPTIMIZATION_LEVEL = "-Onone";
			};
			name = Debug;
		};
		2D4818F32465B7310066A0CC /* Release */ = {
			isa = XCBuildConfiguration;
			buildSettings = {
				ALWAYS_SEARCH_USER_PATHS = NO;
				CLANG_ANALYZER_NONNULL = YES;
				CLANG_ANALYZER_NUMBER_OBJECT_CONVERSION = YES_AGGRESSIVE;
				CLANG_CXX_LANGUAGE_STANDARD = "gnu++14";
				CLANG_CXX_LIBRARY = "libc++";
				CLANG_ENABLE_MODULES = YES;
				CLANG_ENABLE_OBJC_ARC = YES;
				CLANG_ENABLE_OBJC_WEAK = YES;
				CLANG_WARN_BLOCK_CAPTURE_AUTORELEASING = YES;
				CLANG_WARN_BOOL_CONVERSION = YES;
				CLANG_WARN_COMMA = YES;
				CLANG_WARN_CONSTANT_CONVERSION = YES;
				CLANG_WARN_DEPRECATED_OBJC_IMPLEMENTATIONS = YES;
				CLANG_WARN_DIRECT_OBJC_ISA_USAGE = YES_ERROR;
				CLANG_WARN_DOCUMENTATION_COMMENTS = YES;
				CLANG_WARN_EMPTY_BODY = YES;
				CLANG_WARN_ENUM_CONVERSION = YES;
				CLANG_WARN_INFINITE_RECURSION = YES;
				CLANG_WARN_INT_CONVERSION = YES;
				CLANG_WARN_NON_LITERAL_NULL_CONVERSION = YES;
				CLANG_WARN_OBJC_IMPLICIT_RETAIN_SELF = YES;
				CLANG_WARN_OBJC_LITERAL_CONVERSION = YES;
				CLANG_WARN_OBJC_ROOT_CLASS = YES_ERROR;
				CLANG_WARN_RANGE_LOOP_ANALYSIS = YES;
				CLANG_WARN_STRICT_PROTOTYPES = YES;
				CLANG_WARN_SUSPICIOUS_MOVE = YES;
				CLANG_WARN_UNGUARDED_AVAILABILITY = YES_AGGRESSIVE;
				CLANG_WARN_UNREACHABLE_CODE = YES;
				CLANG_WARN__DUPLICATE_METHOD_MATCH = YES;
				COPY_PHASE_STRIP = NO;
				DEBUG_INFORMATION_FORMAT = "dwarf-with-dsym";
				ENABLE_NS_ASSERTIONS = NO;
				ENABLE_STRICT_OBJC_MSGSEND = YES;
				GCC_C_LANGUAGE_STANDARD = gnu11;
				GCC_NO_COMMON_BLOCKS = YES;
				GCC_WARN_64_TO_32_BIT_CONVERSION = YES;
				GCC_WARN_ABOUT_RETURN_TYPE = YES_ERROR;
				GCC_WARN_UNDECLARED_SELECTOR = YES;
				GCC_WARN_UNINITIALIZED_AUTOS = YES_AGGRESSIVE;
				GCC_WARN_UNUSED_FUNCTION = YES;
				GCC_WARN_UNUSED_VARIABLE = YES;
				IPHONEOS_DEPLOYMENT_TARGET = 13.4;
				MTL_ENABLE_DEBUG_INFO = NO;
				MTL_FAST_MATH = YES;
				SDKROOT = iphoneos;
				SWIFT_COMPILATION_MODE = wholemodule;
				SWIFT_OPTIMIZATION_LEVEL = "-O";
				VALIDATE_PRODUCT = YES;
			};
			name = Release;
		};
		2D4818F52465B7310066A0CC /* Debug */ = {
			isa = XCBuildConfiguration;
			buildSettings = {
				ASSETCATALOG_COMPILER_APPICON_NAME = AppIcon;
				CODE_SIGN_STYLE = Automatic;
				INFOPLIST_FILE = dreamer1/Info.plist;
				LD_RUNPATH_SEARCH_PATHS = (
					"$(inherited)",
					"@executable_path/Frameworks",
				);
				PRODUCT_BUNDLE_IDENTIFIER = "-0183020800086.dreamer1";
				PRODUCT_NAME = "$(TARGET_NAME)";
				SWIFT_VERSION = 5.0;
				TARGETED_DEVICE_FAMILY = "1,2";
			};
			name = Debug;
		};
		2D4818F62465B7310066A0CC /* Release */ = {
			isa = XCBuildConfiguration;
			buildSettings = {
				ASSETCATALOG_COMPILER_APPICON_NAME = AppIcon;
				CODE_SIGN_STYLE = Automatic;
				INFOPLIST_FILE = dreamer1/Info.plist;
				LD_RUNPATH_SEARCH_PATHS = (
					"$(inherited)",
					"@executable_path/Frameworks",
				);
				PRODUCT_BUNDLE_IDENTIFIER = "-0183020800086.dreamer1";
				PRODUCT_NAME = "$(TARGET_NAME)";
				SWIFT_VERSION = 5.0;
				TARGETED_DEVICE_FAMILY = "1,2";
			};
			name = Release;
		};
/* End XCBuildConfiguration section */

/* Begin XCConfigurationList section */
		2D4818D82465B72E0066A0CC /* Build configuration list for PBXProject "dreamer1" */ = {
			isa = XCConfigurationList;
			buildConfigurations = (
				2D4818F22465B7310066A0CC /* Debug */,
				2D4818F32465B7310066A0CC /* Release */,
			);
			defaultConfigurationIsVisible = 0;
			defaultConfigurationName = Release;
		};
		2D4818F42465B7310066A0CC /* Build configuration list for PBXNativeTarget "dreamer1" */ = {
			isa = XCConfigurationList;
			buildConfigurations = (
				2D4818F52465B7310066A0CC /* Debug */,
				2D4818F62465B7310066A0CC /* Release */,
			);
			defaultConfigurationIsVisible = 0;
			defaultConfigurationName = Release;
		};
/* End XCConfigurationList section */

/* Begin XCVersionGroup section */
		2D4818E92465B72E0066A0CC /* dreamer1.xcdatamodeld */ = {
			isa = XCVersionGroup;
			children = (
				2D4818EA2465B72E0066A0CC /* dreamer1.xcdatamodel */,
			);
			currentVersion = 2D4818EA2465B72E0066A0CC /* dreamer1.xcdatamodel */;
			path = dreamer1.xcdatamodeld;
			sourceTree = "<group>";
			versionGroupType = wrapper.xcdatamodel;
		};
/* End XCVersionGroup section */
	};
	rootObject = 2D4818D52465B72E0066A0CC /* Project object */;
}
